PODS:
  - NebulaCore2 (2.0.2)

DEPENDENCIES:
  - NebulaCore2 (from `https://www.t5online.com:8002/t5-frameworks/nebula.git`)

EXTERNAL SOURCES:
  NebulaCore2:
    :git: https://www.t5online.com:8002/t5-frameworks/nebula.git

CHECKOUT OPTIONS:
  NebulaCore2:
    :commit: a0d21e72efbef8ec3e9a1ff057d8d928ebc89183
    :git: https://www.t5online.com:8002/t5-frameworks/nebula.git

SPEC CHECKSUMS:
  NebulaCore2: 65218d7ce3198eaa369bbb08d28df13369dd8a58

PODFILE CHECKSUM: 842663250fd87bc28aac5e26003a429ac00c6527

COCOAPODS: 1.3.1
